
Microsoft Visual Studio Solution File, Format Version 11.00
# Visual Studio 2010
Project("{FAE04EC0-301F-11D3-BF4B-00C04F79EFBC}") = "CasaEmpeno", "CasaEmpeno\CasaEmpeno.csproj", "{827A1A86-4629-4AF2-B1E7-2305D2D0D961}"
EndProject
Project("{FAE04EC0-301F-11D3-BF4B-00C04F79EFBC}") = "CapaNegocio", "CapaNegocio\CapaNegocio.csproj", "{91EF1CF2-92F3-4511-BBD2-D7A37780999A}"
EndProject
Project("{FAE04EC0-301F-11D3-BF4B-00C04F79EFBC}") = "CapaDatos", "CapaDatos\CapaDatos.csproj", "{2D9097D2-038E-4AD2-9428-6E7FC57112A1}"
EndProject
Global
	GlobalSection(SolutionConfigurationPlatforms) = preSolution
		Debug|Any CPU = Debug|Any CPU
		Release|Any CPU = Release|Any CPU
	EndGlobalSection
	GlobalSection(ProjectConfigurationPlatforms) = postSolution
		{827A1A86-4629-4AF2-B1E7-2305D2D0D961}.Debug|Any CPU.ActiveCfg = Debug|Any CPU
		{827A1A86-4629-4AF2-B1E7-2305D2D0D961}.Debug|Any CPU.Build.0 = Debug|Any CPU
		{827A1A86-4629-4AF2-B1E7-2305D2D0D961}.Release|Any CPU.ActiveCfg = Release|Any CPU
		{827A1A86-4629-4AF2-B1E7-2305D2D0D961}.Release|Any CPU.Build.0 = Release|Any CPU
		{91EF1CF2-92F3-4511-BBD2-D7A37780999A}.Debug|Any CPU.ActiveCfg = Debug|Any CPU
		{91EF1CF2-92F3-4511-BBD2-D7A37780999A}.Debug|Any CPU.Build.0 = Debug|Any CPU
		{91EF1CF2-92F3-4511-BBD2-D7A37780999A}.Release|Any CPU.ActiveCfg = Release|Any CPU
		{91EF1CF2-92F3-4511-BBD2-D7A37780999A}.Release|Any CPU.Build.0 = Release|Any CPU
		{2D9097D2-038E-4AD2-9428-6E7FC57112A1}.Debug|Any CPU.ActiveCfg = Debug|Any CPU
		{2D9097D2-038E-4AD2-9428-6E7FC57112A1}.Debug|Any CPU.Build.0 = Debug|Any CPU
		{2D9097D2-038E-4AD2-9428-6E7FC57112A1}.Release|Any CPU.ActiveCfg = Release|Any CPU
		{2D9097D2-038E-4AD2-9428-6E7FC57112A1}.Release|Any CPU.Build.0 = Release|Any CPU
	EndGlobalSection
	GlobalSection(SolutionProperties) = preSolution
		HideSolutionNode = FALSE
	EndGlobalSection
EndGlobal
